# Code generated by scarb DO NOT EDIT.
version = 1

[[package]]
name = "dojo"
version = "0.3.4"
source = "git+https://github.com/dojoengine/dojo?tag=v0.3.4#a3140d88b08b79c5ff2261c1db81bafe80b5cc91"
dependencies = [
 "dojo_plugin",
]

[[package]]
name = "dojo_examples"
version = "0.3.7"
dependencies = [
 "dojo",
]

[[package]]
name = "dojo_plugin"
version = "0.3.6"
